{
  "name": "go-zero-signle",
  "lockfileVersion": 3,
  "requires": true,
  "packages": {
    "": {
      "dependencies": {
        "@types/lodash": "^4.17.1",
        "loadsh": "^0.0.4"
      }
    },
    "node_modules/@types/lodash": {
      "version": "4.17.1",
      "resolved": "https://registry.npmjs.org/@types/lodash/-/lodash-4.17.1.tgz",
      "integrity": "sha512-X+2qazGS3jxLAIz5JDXDzglAF3KpijdhFxlf/V1+hEsOUc+HnWi81L/uv/EvGuV90WY+7mPGFCUDGfQC3Gj95Q=="
    },
    "node_modules/loadsh": {
      "version": "0.0.4",
      "resolved": "https://registry.npmjs.org/loadsh/-/loadsh-0.0.4.tgz",
      "integrity": "sha512-U+wLL8InpfRalWrr+0SuhWgGt10M4OyAk6G8xCYo2rwpiHtxZkWiFpjei0vO463ghW8LPCdhqQxXlMy2qicAEw==",
      "deprecated": "This is a typosquat on the popular Lodash package. This is not maintained nor is the original Lodash package."
    }
  }
}
